
Microsoft Visual Studio Solution File, Format Version 12.00
# Visual Studio Version 17
VisualStudioVersion = 17.4.33205.214
MinimumVisualStudioVersion = 10.0.40219.1
Project("{9A19103F-16F7-4668-BE54-9A1E7A4F7556}") = "Entities", "Entities\Entities.csproj", "{4F01B977-385E-46FF-A2AE-978E67CDE6FF}"
EndProject
Project("{9A19103F-16F7-4668-BE54-9A1E7A4F7556}") = "DataAccess", "DataAccess\DataAccess.csproj", "{EC928DE7-4D6F-463F-96F1-1D9A0770EB2D}"
EndProject
Project("{9A19103F-16F7-4668-BE54-9A1E7A4F7556}") = "Business", "Business\Business.csproj", "{886D2657-6D5C-4310-8D56-E5A29CD1F839}"
EndProject
Project("{9A19103F-16F7-4668-BE54-9A1E7A4F7556}") = "ConsoleUI", "ConsoleUI\ConsoleUI.csproj", "{D42E8168-E136-4BF9-9D5E-53856148A22D}"
EndProject
Project("{FAE04EC0-301F-11D3-BF4B-00C04F79EFBC}") = "Core", "Core\Core.csproj", "{EA474E19-E386-4D19-A385-ABB01B1C51CB}"
EndProject
Global
	GlobalSection(SolutionConfigurationPlatforms) = preSolution
		Debug|Any CPU = Debug|Any CPU
		Release|Any CPU = Release|Any CPU
	EndGlobalSection
	GlobalSection(ProjectConfigurationPlatforms) = postSolution
		{4F01B977-385E-46FF-A2AE-978E67CDE6FF}.Debug|Any CPU.ActiveCfg = Debug|Any CPU
		{4F01B977-385E-46FF-A2AE-978E67CDE6FF}.Debug|Any CPU.Build.0 = Debug|Any CPU
		{4F01B977-385E-46FF-A2AE-978E67CDE6FF}.Release|Any CPU.ActiveCfg = Release|Any CPU
		{4F01B977-385E-46FF-A2AE-978E67CDE6FF}.Release|Any CPU.Build.0 = Release|Any CPU
		{EC928DE7-4D6F-463F-96F1-1D9A0770EB2D}.Debug|Any CPU.ActiveCfg = Debug|Any CPU
		{EC928DE7-4D6F-463F-96F1-1D9A0770EB2D}.Debug|Any CPU.Build.0 = Debug|Any CPU
		{EC928DE7-4D6F-463F-96F1-1D9A0770EB2D}.Release|Any CPU.ActiveCfg = Release|Any CPU
		{EC928DE7-4D6F-463F-96F1-1D9A0770EB2D}.Release|Any CPU.Build.0 = Release|Any CPU
		{886D2657-6D5C-4310-8D56-E5A29CD1F839}.Debug|Any CPU.ActiveCfg = Debug|Any CPU
		{886D2657-6D5C-4310-8D56-E5A29CD1F839}.Debug|Any CPU.Build.0 = Debug|Any CPU
		{886D2657-6D5C-4310-8D56-E5A29CD1F839}.Release|Any CPU.ActiveCfg = Release|Any CPU
		{886D2657-6D5C-4310-8D56-E5A29CD1F839}.Release|Any CPU.Build.0 = Release|Any CPU
		{D42E8168-E136-4BF9-9D5E-53856148A22D}.Debug|Any CPU.ActiveCfg = Debug|Any CPU
		{D42E8168-E136-4BF9-9D5E-53856148A22D}.Debug|Any CPU.Build.0 = Debug|Any CPU
		{D42E8168-E136-4BF9-9D5E-53856148A22D}.Release|Any CPU.ActiveCfg = Release|Any CPU
		{D42E8168-E136-4BF9-9D5E-53856148A22D}.Release|Any CPU.Build.0 = Release|Any CPU
		{EA474E19-E386-4D19-A385-ABB01B1C51CB}.Debug|Any CPU.ActiveCfg = Debug|Any CPU
		{EA474E19-E386-4D19-A385-ABB01B1C51CB}.Debug|Any CPU.Build.0 = Debug|Any CPU
		{EA474E19-E386-4D19-A385-ABB01B1C51CB}.Release|Any CPU.ActiveCfg = Release|Any CPU
		{EA474E19-E386-4D19-A385-ABB01B1C51CB}.Release|Any CPU.Build.0 = Release|Any CPU
	EndGlobalSection
	GlobalSection(SolutionProperties) = preSolution
		HideSolutionNode = FALSE
	EndGlobalSection
	GlobalSection(ExtensibilityGlobals) = postSolution
		SolutionGuid = {692B2116-91B4-47C6-AC3C-F76219965DF2}
	EndGlobalSection
EndGlobal
